
Microsoft Visual Studio Solution File, Format Version 12.00
# Visual Studio Version 17
VisualStudioVersion = 17.8.34309.116
MinimumVisualStudioVersion = 10.0.40219.1
Project("{FAE04EC0-301F-11D3-BF4B-00C04F79EFBC}") = "SEDC.Lamazon.Web", "SEDC.Lamazon.Web\SEDC.Lamazon.Web.csproj", "{A578ED95-4C75-4E27-BBFA-8FE14CF26CDD}"
EndProject
Project("{FAE04EC0-301F-11D3-BF4B-00C04F79EFBC}") = "SEDC.Lamazon.Domain", "SEDC.Lamazon.Domain\SEDC.Lamazon.Domain.csproj", "{BE851AF2-D3A3-407C-B631-5613AC7FA7D0}"
EndProject
Project("{FAE04EC0-301F-11D3-BF4B-00C04F79EFBC}") = "SEDC.Lamazon.DataAccess", "SEDC.Lamazon.DataAccess\SEDC.Lamazon.DataAccess.csproj", "{FE44C41C-95A0-4FF2-9678-3D2499A7A996}"
EndProject
Global
	GlobalSection(SolutionConfigurationPlatforms) = preSolution
		Debug|Any CPU = Debug|Any CPU
		Release|Any CPU = Release|Any CPU
	EndGlobalSection
	GlobalSection(ProjectConfigurationPlatforms) = postSolution
		{A578ED95-4C75-4E27-BBFA-8FE14CF26CDD}.Debug|Any CPU.ActiveCfg = Debug|Any CPU
		{A578ED95-4C75-4E27-BBFA-8FE14CF26CDD}.Debug|Any CPU.Build.0 = Debug|Any CPU
		{A578ED95-4C75-4E27-BBFA-8FE14CF26CDD}.Release|Any CPU.ActiveCfg = Release|Any CPU
		{A578ED95-4C75-4E27-BBFA-8FE14CF26CDD}.Release|Any CPU.Build.0 = Release|Any CPU
		{BE851AF2-D3A3-407C-B631-5613AC7FA7D0}.Debug|Any CPU.ActiveCfg = Debug|Any CPU
		{BE851AF2-D3A3-407C-B631-5613AC7FA7D0}.Debug|Any CPU.Build.0 = Debug|Any CPU
		{BE851AF2-D3A3-407C-B631-5613AC7FA7D0}.Release|Any CPU.ActiveCfg = Release|Any CPU
		{BE851AF2-D3A3-407C-B631-5613AC7FA7D0}.Release|Any CPU.Build.0 = Release|Any CPU
		{FE44C41C-95A0-4FF2-9678-3D2499A7A996}.Debug|Any CPU.ActiveCfg = Debug|Any CPU
		{FE44C41C-95A0-4FF2-9678-3D2499A7A996}.Debug|Any CPU.Build.0 = Debug|Any CPU
		{FE44C41C-95A0-4FF2-9678-3D2499A7A996}.Release|Any CPU.ActiveCfg = Release|Any CPU
		{FE44C41C-95A0-4FF2-9678-3D2499A7A996}.Release|Any CPU.Build.0 = Release|Any CPU
	EndGlobalSection
	GlobalSection(SolutionProperties) = preSolution
		HideSolutionNode = FALSE
	EndGlobalSection
	GlobalSection(ExtensibilityGlobals) = postSolution
		SolutionGuid = {E3CA9030-7DB5-4176-9324-3A73AF11B7C9}
	EndGlobalSection
EndGlobal
